# This file is automatically @generated by Cargo.
# It is not intended for manual editing.
[[package]]
name = "drawille"
version = "0.2.3"
source = "registry+https://github.com/rust-lang/crates.io-index"

[[package]]
name = "emulator"
version = "0.1.0"
dependencies = [
 "drawille 0.2.3 (registry+https://github.com/rust-lang/crates.io-index)",
]

[metadata]
"checksum drawille 0.2.3 (registry+https://github.com/rust-lang/crates.io-index)" = "81e127c19c76f5610bb32f6a5f5d1ce5a5374fedba554f05cf5599e3041cd634"
